
Microsoft Visual Studio Solution File, Format Version 12.00
# Visual Studio 14
VisualStudioVersion = 14.0.25420.1
MinimumVisualStudioVersion = 10.0.40219.1
Project("{FAE04EC0-301F-11D3-BF4B-00C04F79EFBC}") = "TourExpenseCalculator", "TourExpenseCalculator\TourExpenseCalculator.csproj", "{5F72B4E8-65E1-4F68-B043-56DE525471A4}"
EndProject
Project("{FAE04EC0-301F-11D3-BF4B-00C04F79EFBC}") = "SnakeGame", "SnakeGame\SnakeGame.csproj", "{8E2F1F0E-36C6-448E-8832-6FB9ABA3AB98}"
EndProject
Project("{FAE04EC0-301F-11D3-BF4B-00C04F79EFBC}") = "SAM", "SAM\SAM.csproj", "{22C5995F-1566-46AC-9295-8BE694CD2D63}"
EndProject
Project("{FAE04EC0-301F-11D3-BF4B-00C04F79EFBC}") = "Oauth", "Oauth\Oauth.csproj", "{D25E9473-C1A3-41BD-AA32-E0BA7322CD53}"
EndProject
Project("{FAE04EC0-301F-11D3-BF4B-00C04F79EFBC}") = "SharedProjectUploader", "SharedProjectUploader\SharedProjectUploader.csproj", "{22C4D75D-0668-4C34-A703-04A815A44092}"
EndProject
Project("{FAE04EC0-301F-11D3-BF4B-00C04F79EFBC}") = "ElmahMvc", "ElmahMvc\ElmahMvc.csproj", "{0AC08358-ED5F-4E1C-AA40-704DF88353C2}"
EndProject
Project("{FAE04EC0-301F-11D3-BF4B-00C04F79EFBC}") = "Utils", "Utils\Utils.csproj", "{A0408DDA-B06D-45A6-9899-AE17A7180471}"
EndProject
Global
	GlobalSection(Performance) = preSolution
		HasPerformanceSessions = true
	EndGlobalSection
	GlobalSection(SolutionConfigurationPlatforms) = preSolution
		Debug|Any CPU = Debug|Any CPU
		Release|Any CPU = Release|Any CPU
	EndGlobalSection
	GlobalSection(ProjectConfigurationPlatforms) = postSolution
		{5F72B4E8-65E1-4F68-B043-56DE525471A4}.Debug|Any CPU.ActiveCfg = Debug|Any CPU
		{5F72B4E8-65E1-4F68-B043-56DE525471A4}.Debug|Any CPU.Build.0 = Debug|Any CPU
		{5F72B4E8-65E1-4F68-B043-56DE525471A4}.Release|Any CPU.ActiveCfg = Release|Any CPU
		{5F72B4E8-65E1-4F68-B043-56DE525471A4}.Release|Any CPU.Build.0 = Release|Any CPU
		{8E2F1F0E-36C6-448E-8832-6FB9ABA3AB98}.Debug|Any CPU.ActiveCfg = Debug|Any CPU
		{8E2F1F0E-36C6-448E-8832-6FB9ABA3AB98}.Debug|Any CPU.Build.0 = Debug|Any CPU
		{8E2F1F0E-36C6-448E-8832-6FB9ABA3AB98}.Release|Any CPU.ActiveCfg = Release|Any CPU
		{8E2F1F0E-36C6-448E-8832-6FB9ABA3AB98}.Release|Any CPU.Build.0 = Release|Any CPU
		{22C5995F-1566-46AC-9295-8BE694CD2D63}.Debug|Any CPU.ActiveCfg = Debug|Any CPU
		{22C5995F-1566-46AC-9295-8BE694CD2D63}.Debug|Any CPU.Build.0 = Debug|Any CPU
		{22C5995F-1566-46AC-9295-8BE694CD2D63}.Release|Any CPU.ActiveCfg = Release|Any CPU
		{22C5995F-1566-46AC-9295-8BE694CD2D63}.Release|Any CPU.Build.0 = Release|Any CPU
		{D25E9473-C1A3-41BD-AA32-E0BA7322CD53}.Debug|Any CPU.ActiveCfg = Debug|Any CPU
		{D25E9473-C1A3-41BD-AA32-E0BA7322CD53}.Debug|Any CPU.Build.0 = Debug|Any CPU
		{D25E9473-C1A3-41BD-AA32-E0BA7322CD53}.Release|Any CPU.ActiveCfg = Release|Any CPU
		{D25E9473-C1A3-41BD-AA32-E0BA7322CD53}.Release|Any CPU.Build.0 = Release|Any CPU
		{22C4D75D-0668-4C34-A703-04A815A44092}.Debug|Any CPU.ActiveCfg = Debug|Any CPU
		{22C4D75D-0668-4C34-A703-04A815A44092}.Debug|Any CPU.Build.0 = Debug|Any CPU
		{22C4D75D-0668-4C34-A703-04A815A44092}.Release|Any CPU.ActiveCfg = Release|Any CPU
		{22C4D75D-0668-4C34-A703-04A815A44092}.Release|Any CPU.Build.0 = Release|Any CPU
		{0AC08358-ED5F-4E1C-AA40-704DF88353C2}.Debug|Any CPU.ActiveCfg = Debug|Any CPU
		{0AC08358-ED5F-4E1C-AA40-704DF88353C2}.Debug|Any CPU.Build.0 = Debug|Any CPU
		{0AC08358-ED5F-4E1C-AA40-704DF88353C2}.Release|Any CPU.ActiveCfg = Release|Any CPU
		{0AC08358-ED5F-4E1C-AA40-704DF88353C2}.Release|Any CPU.Build.0 = Release|Any CPU
		{A0408DDA-B06D-45A6-9899-AE17A7180471}.Debug|Any CPU.ActiveCfg = Debug|Any CPU
		{A0408DDA-B06D-45A6-9899-AE17A7180471}.Debug|Any CPU.Build.0 = Debug|Any CPU
		{A0408DDA-B06D-45A6-9899-AE17A7180471}.Release|Any CPU.ActiveCfg = Release|Any CPU
		{A0408DDA-B06D-45A6-9899-AE17A7180471}.Release|Any CPU.Build.0 = Release|Any CPU
	EndGlobalSection
	GlobalSection(SolutionProperties) = preSolution
		HideSolutionNode = FALSE
	EndGlobalSection
EndGlobal
